
Microsoft Visual Studio Solution File, Format Version 12.00
# Visual Studio Version 17
VisualStudioVersion = 17.14.36310.24
MinimumVisualStudioVersion = 10.0.40219.1
Project("{FAE04EC0-301F-11D3-BF4B-00C04F79EFBC}") = "Sistema-Citas.API", "Sistema-Citas.API\Sistema-Citas.API.csproj", "{C24976BA-4F56-4207-9362-85A0226AF3CA}"
EndProject
Project("{FAE04EC0-301F-11D3-BF4B-00C04F79EFBC}") = "Sistema-Citas.Application", "Sistema-Citas.Application\Sistema-Citas.Application.csproj", "{9F525F00-F2B9-4E9B-8C2E-F79B975AEAE9}"
EndProject
Project("{FAE04EC0-301F-11D3-BF4B-00C04F79EFBC}") = "Sistema-Citas.Domain", "Sistema-Citas.Domain\Sistema-Citas.Domain.csproj", "{96906D6B-1422-4C8A-BA47-C9BB5E88000E}"
EndProject
Project("{FAE04EC0-301F-11D3-BF4B-00C04F79EFBC}") = "Sistema-Citas.Infraestructura", "Sistema-Citas.Intrafestructura\Sistema-Citas.Infraestructura.csproj", "{503AAEEE-5464-479A-B75E-275B598DD5C9}"
EndProject
Global
	GlobalSection(SolutionConfigurationPlatforms) = preSolution
		Debug|Any CPU = Debug|Any CPU
		Release|Any CPU = Release|Any CPU
	EndGlobalSection
	GlobalSection(ProjectConfigurationPlatforms) = postSolution
		{C24976BA-4F56-4207-9362-85A0226AF3CA}.Debug|Any CPU.ActiveCfg = Debug|Any CPU
		{C24976BA-4F56-4207-9362-85A0226AF3CA}.Debug|Any CPU.Build.0 = Debug|Any CPU
		{C24976BA-4F56-4207-9362-85A0226AF3CA}.Release|Any CPU.ActiveCfg = Release|Any CPU
		{C24976BA-4F56-4207-9362-85A0226AF3CA}.Release|Any CPU.Build.0 = Release|Any CPU
		{9F525F00-F2B9-4E9B-8C2E-F79B975AEAE9}.Debug|Any CPU.ActiveCfg = Debug|Any CPU
		{9F525F00-F2B9-4E9B-8C2E-F79B975AEAE9}.Debug|Any CPU.Build.0 = Debug|Any CPU
		{9F525F00-F2B9-4E9B-8C2E-F79B975AEAE9}.Release|Any CPU.ActiveCfg = Release|Any CPU
		{9F525F00-F2B9-4E9B-8C2E-F79B975AEAE9}.Release|Any CPU.Build.0 = Release|Any CPU
		{96906D6B-1422-4C8A-BA47-C9BB5E88000E}.Debug|Any CPU.ActiveCfg = Debug|Any CPU
		{96906D6B-1422-4C8A-BA47-C9BB5E88000E}.Debug|Any CPU.Build.0 = Debug|Any CPU
		{96906D6B-1422-4C8A-BA47-C9BB5E88000E}.Release|Any CPU.ActiveCfg = Release|Any CPU
		{96906D6B-1422-4C8A-BA47-C9BB5E88000E}.Release|Any CPU.Build.0 = Release|Any CPU
		{503AAEEE-5464-479A-B75E-275B598DD5C9}.Debug|Any CPU.ActiveCfg = Debug|Any CPU
		{503AAEEE-5464-479A-B75E-275B598DD5C9}.Debug|Any CPU.Build.0 = Debug|Any CPU
		{503AAEEE-5464-479A-B75E-275B598DD5C9}.Release|Any CPU.ActiveCfg = Release|Any CPU
		{503AAEEE-5464-479A-B75E-275B598DD5C9}.Release|Any CPU.Build.0 = Release|Any CPU
	EndGlobalSection
	GlobalSection(SolutionProperties) = preSolution
		HideSolutionNode = FALSE
	EndGlobalSection
	GlobalSection(ExtensibilityGlobals) = postSolution
		SolutionGuid = {34AC0299-39BC-44B3-88F1-836BF90A2454}
	EndGlobalSection
EndGlobal
